
Microsoft Visual Studio Solution File, Format Version 12.00
# Visual Studio Version 17
VisualStudioVersion = 17.13.35825.156 d17.13
MinimumVisualStudioVersion = 10.0.40219.1
Project("{FAE04EC0-301F-11D3-BF4B-00C04F79EFBC}") = "01_MainSubjects", "01_MainSubjects\01_MainSubjects.csproj", "{BE2F78C8-9C38-4A41-8151-77B1E51822F4}"
EndProject
Project("{FAE04EC0-301F-11D3-BF4B-00C04F79EFBC}") = "02_Variables", "02_Variables\02_Variables.csproj", "{3CD990E8-5D85-4F5A-AF51-AF4261C74BB4}"
EndProject
Global
	GlobalSection(SolutionConfigurationPlatforms) = preSolution
		Debug|Any CPU = Debug|Any CPU
		Release|Any CPU = Release|Any CPU
	EndGlobalSection
	GlobalSection(ProjectConfigurationPlatforms) = postSolution
		{BE2F78C8-9C38-4A41-8151-77B1E51822F4}.Debug|Any CPU.ActiveCfg = Debug|Any CPU
		{BE2F78C8-9C38-4A41-8151-77B1E51822F4}.Debug|Any CPU.Build.0 = Debug|Any CPU
		{BE2F78C8-9C38-4A41-8151-77B1E51822F4}.Release|Any CPU.ActiveCfg = Release|Any CPU
		{BE2F78C8-9C38-4A41-8151-77B1E51822F4}.Release|Any CPU.Build.0 = Release|Any CPU
		{3CD990E8-5D85-4F5A-AF51-AF4261C74BB4}.Debug|Any CPU.ActiveCfg = Debug|Any CPU
		{3CD990E8-5D85-4F5A-AF51-AF4261C74BB4}.Debug|Any CPU.Build.0 = Debug|Any CPU
		{3CD990E8-5D85-4F5A-AF51-AF4261C74BB4}.Release|Any CPU.ActiveCfg = Release|Any CPU
		{3CD990E8-5D85-4F5A-AF51-AF4261C74BB4}.Release|Any CPU.Build.0 = Release|Any CPU
	EndGlobalSection
	GlobalSection(SolutionProperties) = preSolution
		HideSolutionNode = FALSE
	EndGlobalSection
	GlobalSection(ExtensibilityGlobals) = postSolution
		SolutionGuid = {B3760DE7-F463-4ABA-BA33-FB095803CA52}
	EndGlobalSection
EndGlobal
